
Microsoft Visual Studio Solution File, Format Version 12.00
# Visual Studio Version 16
VisualStudioVersion = 16.0.31205.134
MinimumVisualStudioVersion = 10.0.40219.1
Project("{FAE04EC0-301F-11D3-BF4B-00C04F79EFBC}") = "CryptoWalletApp", "CryptoWalletApp\CryptoWalletApp.csproj", "{FA3E0D8A-4140-4A21-B9ED-695BCC42C653}"
EndProject
Project("{FAE04EC0-301F-11D3-BF4B-00C04F79EFBC}") = "CryptoWalletDB", "CryptoWalletDB\CryptoWalletDB.csproj", "{8E56A53B-A99E-4319-AEBD-DAD5DF444F34}"
EndProject
Project("{FAE04EC0-301F-11D3-BF4B-00C04F79EFBC}") = "CryptoWalletRepository", "CryptoWalletRepository\CryptoWalletRepository.csproj", "{9C70EE4C-B069-4476-A661-162F28E092DF}"
EndProject
Global
	GlobalSection(SolutionConfigurationPlatforms) = preSolution
		Debug|Any CPU = Debug|Any CPU
		Release|Any CPU = Release|Any CPU
	EndGlobalSection
	GlobalSection(ProjectConfigurationPlatforms) = postSolution
		{FA3E0D8A-4140-4A21-B9ED-695BCC42C653}.Debug|Any CPU.ActiveCfg = Debug|Any CPU
		{FA3E0D8A-4140-4A21-B9ED-695BCC42C653}.Debug|Any CPU.Build.0 = Debug|Any CPU
		{FA3E0D8A-4140-4A21-B9ED-695BCC42C653}.Release|Any CPU.ActiveCfg = Release|Any CPU
		{FA3E0D8A-4140-4A21-B9ED-695BCC42C653}.Release|Any CPU.Build.0 = Release|Any CPU
		{8E56A53B-A99E-4319-AEBD-DAD5DF444F34}.Debug|Any CPU.ActiveCfg = Debug|Any CPU
		{8E56A53B-A99E-4319-AEBD-DAD5DF444F34}.Debug|Any CPU.Build.0 = Debug|Any CPU
		{8E56A53B-A99E-4319-AEBD-DAD5DF444F34}.Release|Any CPU.ActiveCfg = Release|Any CPU
		{8E56A53B-A99E-4319-AEBD-DAD5DF444F34}.Release|Any CPU.Build.0 = Release|Any CPU
		{9C70EE4C-B069-4476-A661-162F28E092DF}.Debug|Any CPU.ActiveCfg = Debug|Any CPU
		{9C70EE4C-B069-4476-A661-162F28E092DF}.Debug|Any CPU.Build.0 = Debug|Any CPU
		{9C70EE4C-B069-4476-A661-162F28E092DF}.Release|Any CPU.ActiveCfg = Release|Any CPU
		{9C70EE4C-B069-4476-A661-162F28E092DF}.Release|Any CPU.Build.0 = Release|Any CPU
	EndGlobalSection
	GlobalSection(SolutionProperties) = preSolution
		HideSolutionNode = FALSE
	EndGlobalSection
	GlobalSection(ExtensibilityGlobals) = postSolution
		SolutionGuid = {A3089A80-B093-4B58-962E-618B5740CCED}
	EndGlobalSection
EndGlobal
