
Microsoft Visual Studio Solution File, Format Version 12.00
# Visual Studio Version 16
VisualStudioVersion = 16.0.31205.134
MinimumVisualStudioVersion = 10.0.40219.1
Project("{9A19103F-16F7-4668-BE54-9A1E7A4F7556}") = "HomeWork1", "HomeWork1.csproj", "{5F44D4B3-C252-4BBC-9189-9D51D8677874}"
EndProject
Global
	GlobalSection(SolutionConfigurationPlatforms) = preSolution
		Debug|Any CPU = Debug|Any CPU
		Release|Any CPU = Release|Any CPU
	EndGlobalSection
	GlobalSection(ProjectConfigurationPlatforms) = postSolution
		{5F44D4B3-C252-4BBC-9189-9D51D8677874}.Debug|Any CPU.ActiveCfg = Debug|Any CPU
		{5F44D4B3-C252-4BBC-9189-9D51D8677874}.Debug|Any CPU.Build.0 = Debug|Any CPU
		{5F44D4B3-C252-4BBC-9189-9D51D8677874}.Release|Any CPU.ActiveCfg = Release|Any CPU
		{5F44D4B3-C252-4BBC-9189-9D51D8677874}.Release|Any CPU.Build.0 = Release|Any CPU
	EndGlobalSection
	GlobalSection(SolutionProperties) = preSolution
		HideSolutionNode = FALSE
	EndGlobalSection
	GlobalSection(ExtensibilityGlobals) = postSolution
		SolutionGuid = {7FDC046F-E087-4524-B6EB-7F37F81C1598}
	EndGlobalSection
EndGlobal
