
Microsoft Visual Studio Solution File, Format Version 12.00
# Visual Studio Version 16
VisualStudioVersion = 16.0.31205.134
MinimumVisualStudioVersion = 10.0.40219.1
Project("{FAE04EC0-301F-11D3-BF4B-00C04F79EFBC}") = "HomeWork3", "HomeWork3.csproj", "{42FABF9E-8404-4DB5-B7AD-A181EEBCFE43}"
EndProject
Global
	GlobalSection(SolutionConfigurationPlatforms) = preSolution
		Debug|Any CPU = Debug|Any CPU
		Release|Any CPU = Release|Any CPU
	EndGlobalSection
	GlobalSection(ProjectConfigurationPlatforms) = postSolution
		{42FABF9E-8404-4DB5-B7AD-A181EEBCFE43}.Debug|Any CPU.ActiveCfg = Debug|Any CPU
		{42FABF9E-8404-4DB5-B7AD-A181EEBCFE43}.Debug|Any CPU.Build.0 = Debug|Any CPU
		{42FABF9E-8404-4DB5-B7AD-A181EEBCFE43}.Release|Any CPU.ActiveCfg = Release|Any CPU
		{42FABF9E-8404-4DB5-B7AD-A181EEBCFE43}.Release|Any CPU.Build.0 = Release|Any CPU
	EndGlobalSection
	GlobalSection(SolutionProperties) = preSolution
		HideSolutionNode = FALSE
	EndGlobalSection
	GlobalSection(ExtensibilityGlobals) = postSolution
		SolutionGuid = {A2B6E7D7-3487-4C37-8BF0-2254A924852E}
	EndGlobalSection
EndGlobal
